// !$*UTF8*$!
{
	archiveVersion = 1;
	classes = {
	};
	objectVersion = 55;
	objects = {

/* Begin PBXBuildFile section */
		C21B7A932843FDCD00EA6A11 /* AppDelegate.swift in Sources */ = {isa = PBXBuildFile; fileRef = C21B7A922843FDCD00EA6A11 /* AppDelegate.swift */; };
		C21B7A952843FDCD00EA6A11 /* SceneDelegate.swift in Sources */ = {isa = PBXBuildFile; fileRef = C21B7A942843FDCD00EA6A11 /* SceneDelegate.swift */; };
		C21B7A972843FDCD00EA6A11 /* ViewController.swift in Sources */ = {isa = PBXBuildFile; fileRef = C21B7A962843FDCD00EA6A11 /* ViewController.swift */; };
		C21B7A9A2843FDCD00EA6A11 /* Main.storyboard in Resources */ = {isa = PBXBuildFile; fileRef = C21B7A982843FDCD00EA6A11 /* Main.storyboard */; };
		C21B7A9C2843FDCE00EA6A11 /* Assets.xcassets in Resources */ = {isa = PBXBuildFile; fileRef = C21B7A9B2843FDCE00EA6A11 /* Assets.xcassets */; };
		C21B7A9F2843FDCE00EA6A11 /* LaunchScreen.storyboard in Resources */ = {isa = PBXBuildFile; fileRef = C21B7A9D2843FDCE00EA6A11 /* LaunchScreen.storyboard */; };
		C21B7AAA2843FDCE00EA6A11 /* ColorMixAppTests.swift in Sources */ = {isa = PBXBuildFile; fileRef = C21B7AA92843FDCE00EA6A11 /* ColorMixAppTests.swift */; };
		C21B7AB42843FDCE00EA6A11 /* ColorMixAppUITests.swift in Sources */ = {isa = PBXBuildFile; fileRef = C21B7AB32843FDCE00EA6A11 /* ColorMixAppUITests.swift */; };
		C21B7AB62843FDCE00EA6A11 /* ColorMixAppUITestsLaunchTests.swift in Sources */ = {isa = PBXBuildFile; fileRef = C21B7AB52843FDCE00EA6A11 /* ColorMixAppUITestsLaunchTests.swift */; };
		C21B7AC328440B8100EA6A11 /* assets in Resources */ = {isa = PBXBuildFile; fileRef = C21B7AC228440B8000EA6A11 /* assets */; };
/* End PBXBuildFile section */

/* Begin PBXContainerItemProxy section */
		C21B7AA62843FDCE00EA6A11 /* PBXContainerItemProxy */ = {
			isa = PBXContainerItemProxy;
			containerPortal = C21B7A872843FDCD00EA6A11 /* Project object */;
			proxyType = 1;
			remoteGlobalIDString = C21B7A8E2843FDCD00EA6A11;
			remoteInfo = ColorMixApp;
		};
		C21B7AB02843FDCE00EA6A11 /* PBXContainerItemProxy */ = {
			isa = PBXContainerItemProxy;
			containerPortal = C21B7A872843FDCD00EA6A11 /* Project object */;
			proxyType = 1;
			remoteGlobalIDString = C21B7A8E2843FDCD00EA6A11;
			remoteInfo = ColorMixApp;
		};
/* End PBXContainerItemProxy section */

/* Begin PBXFileReference section */
		C21B7A8F2843FDCD00EA6A11 /* ColorMixApp.app */ = {isa = PBXFileReference; explicitFileType = wrapper.application; includeInIndex = 0; path = ColorMixApp.app; sourceTree = BUILT_PRODUCTS_DIR; };
		C21B7A922843FDCD00EA6A11 /* AppDelegate.swift */ = {isa = PBXFileReference; lastKnownFileType = sourcecode.swift; path = AppDelegate.swift; sourceTree = "<group>"; };
		C21B7A942843FDCD00EA6A11 /* SceneDelegate.swift */ = {isa = PBXFileReference; lastKnownFileType = sourcecode.swift; path = SceneDelegate.swift; sourceTree = "<group>"; };
		C21B7A962843FDCD00EA6A11 /* ViewController.swift */ = {isa = PBXFileReference; lastKnownFileType = sourcecode.swift; path = ViewController.swift; sourceTree = "<group>"; };
		C21B7A992843FDCD00EA6A11 /* Base */ = {isa = PBXFileReference; lastKnownFileType = file.storyboard; name = Base; path = Base.lproj/Main.storyboard; sourceTree = "<group>"; };
		C21B7A9B2843FDCE00EA6A11 /* Assets.xcassets */ = {isa = PBXFileReference; lastKnownFileType = folder.assetcatalog; path = Assets.xcassets; sourceTree = "<group>"; };
		C21B7A9E2843FDCE00EA6A11 /* Base */ = {isa = PBXFileReference; lastKnownFileType = file.storyboard; name = Base; path = Base.lproj/LaunchScreen.storyboard; sourceTree = "<group>"; };
		C21B7AA02843FDCE00EA6A11 /* Info.plist */ = {isa = PBXFileReference; lastKnownFileType = text.plist.xml; path = Info.plist; sourceTree = "<group>"; };
		C21B7AA52843FDCE00EA6A11 /* ColorMixAppTests.xctest */ = {isa = PBXFileReference; explicitFileType = wrapper.cfbundle; includeInIndex = 0; path = ColorMixAppTests.xctest; sourceTree = BUILT_PRODUCTS_DIR; };
		C21B7AA92843FDCE00EA6A11 /* ColorMixAppTests.swift */ = {isa = PBXFileReference; lastKnownFileType = sourcecode.swift; path = ColorMixAppTests.swift; sourceTree = "<group>"; };
		C21B7AAF2843FDCE00EA6A11 /* ColorMixAppUITests.xctest */ = {isa = PBXFileReference; explicitFileType = wrapper.cfbundle; includeInIndex = 0; path = ColorMixAppUITests.xctest; sourceTree = BUILT_PRODUCTS_DIR; };
		C21B7AB32843FDCE00EA6A11 /* ColorMixAppUITests.swift */ = {isa = PBXFileReference; lastKnownFileType = sourcecode.swift; path = ColorMixAppUITests.swift; sourceTree = "<group>"; };
		C21B7AB52843FDCE00EA6A11 /* ColorMixAppUITestsLaunchTests.swift */ = {isa = PBXFileReference; lastKnownFileType = sourcecode.swift; path = ColorMixAppUITestsLaunchTests.swift; sourceTree = "<group>"; };
		C21B7AC228440B8000EA6A11 /* assets */ = {isa = PBXFileReference; fileEncoding = 4; lastKnownFileType = text; path = assets; sourceTree = SOURCE_ROOT; };
/* End PBXFileReference section */

/* Begin PBXFrameworksBuildPhase section */
		C21B7A8C2843FDCD00EA6A11 /* Frameworks */ = {
			isa = PBXFrameworksBuildPhase;
			buildActionMask = 2147483647;
			files = (
			);
			runOnlyForDeploymentPostprocessing = 0;
		};
		C21B7AA22843FDCE00EA6A11 /* Frameworks */ = {
			isa = PBXFrameworksBuildPhase;
			buildActionMask = 2147483647;
			files = (
			);
			runOnlyForDeploymentPostprocessing = 0;
		};
		C21B7AAC2843FDCE00EA6A11 /* Frameworks */ = {
			isa = PBXFrameworksBuildPhase;
			buildActionMask = 2147483647;
			files = (
			);
			runOnlyForDeploymentPostprocessing = 0;
		};
/* End PBXFrameworksBuildPhase section */

/* Begin PBXGroup section */
		C21B7A862843FDCD00EA6A11 = {
			isa = PBXGroup;
			children = (
				C21B7A912843FDCD00EA6A11 /* ColorMixApp */,
				C21B7AA82843FDCE00EA6A11 /* ColorMixAppTests */,
				C21B7AB22843FDCE00EA6A11 /* ColorMixAppUITests */,
				C21B7A902843FDCD00EA6A11 /* Products */,
			);
			sourceTree = "<group>";
		};
		C21B7A902843FDCD00EA6A11 /* Products */ = {
			isa = PBXGroup;
			children = (
				C21B7A8F2843FDCD00EA6A11 /* ColorMixApp.app */,
				C21B7AA52843FDCE00EA6A11 /* ColorMixAppTests.xctest */,
				C21B7AAF2843FDCE00EA6A11 /* ColorMixAppUITests.xctest */,
			);
			name = Products;
			sourceTree = "<group>";
		};
		C21B7A912843FDCD00EA6A11 /* ColorMixApp */ = {
			isa = PBXGroup;
			children = (
				C21B7A922843FDCD00EA6A11 /* AppDelegate.swift */,
				C21B7A942843FDCD00EA6A11 /* SceneDelegate.swift */,
				C21B7A962843FDCD00EA6A11 /* ViewController.swift */,
				C21B7A982843FDCD00EA6A11 /* Main.storyboard */,
				C21B7A9B2843FDCE00EA6A11 /* Assets.xcassets */,
				C21B7A9D2843FDCE00EA6A11 /* LaunchScreen.storyboard */,
				C21B7AA02843FDCE00EA6A11 /* Info.plist */,
				C21B7AC228440B8000EA6A11 /* assets */,
			);
			path = ColorMixApp;
			sourceTree = "<group>";
		};
		C21B7AA82843FDCE00EA6A11 /* ColorMixAppTests */ = {
			isa = PBXGroup;
			children = (
				C21B7AA92843FDCE00EA6A11 /* ColorMixAppTests.swift */,
			);
			path = ColorMixAppTests;
			sourceTree = "<group>";
		};
		C21B7AB22843FDCE00EA6A11 /* ColorMixAppUITests */ = {
			isa = PBXGroup;
			children = (
				C21B7AB32843FDCE00EA6A11 /* ColorMixAppUITests.swift */,
				C21B7AB52843FDCE00EA6A11 /* ColorMixAppUITestsLaunchTests.swift */,
			);
			path = ColorMixAppUITests;
			sourceTree = "<group>";
		};
/* End PBXGroup section */

/* Begin PBXNativeTarget section */
		C21B7A8E2843FDCD00EA6A11 /* ColorMixApp */ = {
			isa = PBXNativeTarget;
			buildConfigurationList = C21B7AB92843FDCE00EA6A11 /* Build configuration list for PBXNativeTarget "ColorMixApp" */;
			buildPhases = (
				C21B7A8B2843FDCD00EA6A11 /* Sources */,
				C21B7A8C2843FDCD00EA6A11 /* Frameworks */,
				C21B7A8D2843FDCD00EA6A11 /* Resources */,
			);
			buildRules = (
			);
			dependencies = (
			);
			name = ColorMixApp;
			productName = ColorMixApp;
			productReference = C21B7A8F2843FDCD00EA6A11 /* ColorMixApp.app */;
			productType = "com.apple.product-type.application";
		};
		C21B7AA42843FDCE00EA6A11 /* ColorMixAppTests */ = {
			isa = PBXNativeTarget;
			buildConfigurationList = C21B7ABC2843FDCE00EA6A11 /* Build configuration list for PBXNativeTarget "ColorMixAppTests" */;
			buildPhases = (
				C21B7AA12843FDCE00EA6A11 /* Sources */,
				C21B7AA22843FDCE00EA6A11 /* Frameworks */,
				C21B7AA32843FDCE00EA6A11 /* Resources */,
			);
			buildRules = (
			);
			dependencies = (
				C21B7AA72843FDCE00EA6A11 /* PBXTargetDependency */,
			);
			name = ColorMixAppTests;
			productName = ColorMixAppTests;
			productReference = C21B7AA52843FDCE00EA6A11 /* ColorMixAppTests.xctest */;
			productType = "com.apple.product-type.bundle.unit-test";
		};
		C21B7AAE2843FDCE00EA6A11 /* ColorMixAppUITests */ = {
			isa = PBXNativeTarget;
			buildConfigurationList = C21B7ABF2843FDCE00EA6A11 /* Build configuration list for PBXNativeTarget "ColorMixAppUITests" */;
			buildPhases = (
				C21B7AAB2843FDCE00EA6A11 /* Sources */,
				C21B7AAC2843FDCE00EA6A11 /* Frameworks */,
				C21B7AAD2843FDCE00EA6A11 /* Resources */,
			);
			buildRules = (
			);
			dependencies = (
				C21B7AB12843FDCE00EA6A11 /* PBXTargetDependency */,
			);
			name = ColorMixAppUITests;
			productName = ColorMixAppUITests;
			productReference = C21B7AAF2843FDCE00EA6A11 /* ColorMixAppUITests.xctest */;
			productType = "com.apple.product-type.bundle.ui-testing";
		};
/* End PBXNativeTarget section */

/* Begin PBXProject section */
		C21B7A872843FDCD00EA6A11 /* Project object */ = {
			isa = PBXProject;
			attributes = {
				BuildIndependentTargetsInParallel = 1;
				LastSwiftUpdateCheck = 1340;
				LastUpgradeCheck = 1340;
				TargetAttributes = {
					C21B7A8E2843FDCD00EA6A11 = {
						CreatedOnToolsVersion = 13.4;
					};
					C21B7AA42843FDCE00EA6A11 = {
						CreatedOnToolsVersion = 13.4;
						TestTargetID = C21B7A8E2843FDCD00EA6A11;
					};
					C21B7AAE2843FDCE00EA6A11 = {
						CreatedOnToolsVersion = 13.4;
						TestTargetID = C21B7A8E2843FDCD00EA6A11;
					};
				};
			};
			buildConfigurationList = C21B7A8A2843FDCD00EA6A11 /* Build configuration list for PBXProject "ColorMixApp" */;
			compatibilityVersion = "Xcode 13.0";
			developmentRegion = en;
			hasScannedForEncodings = 0;
			knownRegions = (
				en,
				Base,
			);
			mainGroup = C21B7A862843FDCD00EA6A11;
			productRefGroup = C21B7A902843FDCD00EA6A11 /* Products */;
			projectDirPath = "";
			projectRoot = "";
			targets = (
				C21B7A8E2843FDCD00EA6A11 /* ColorMixApp */,
				C21B7AA42843FDCE00EA6A11 /* ColorMixAppTests */,
				C21B7AAE2843FDCE00EA6A11 /* ColorMixAppUITests */,
			);
		};
/* End PBXProject section */

/* Begin PBXResourcesBuildPhase section */
		C21B7A8D2843FDCD00EA6A11 /* Resources */ = {
			isa = PBXResourcesBuildPhase;
			buildActionMask = 2147483647;
			files = (
				C21B7A9F2843FDCE00EA6A11 /* LaunchScreen.storyboard in Resources */,
				C21B7AC328440B8100EA6A11 /* assets in Resources */,
				C21B7A9C2843FDCE00EA6A11 /* Assets.xcassets in Resources */,
				C21B7A9A2843FDCD00EA6A11 /* Main.storyboard in Resources */,
			);
			runOnlyForDeploymentPostprocessing = 0;
		};
		C21B7AA32843FDCE00EA6A11 /* Resources */ = {
			isa = PBXResourcesBuildPhase;
			buildActionMask = 2147483647;
			files = (
			);
			runOnlyForDeploymentPostprocessing = 0;
		};
		C21B7AAD2843FDCE00EA6A11 /* Resources */ = {
			isa = PBXResourcesBuildPhase;
			buildActionMask = 2147483647;
			files = (
			);
			runOnlyForDeploymentPostprocessing = 0;
		};
/* End PBXResourcesBuildPhase section */

/* Begin PBXSourcesBuildPhase section */
		C21B7A8B2843FDCD00EA6A11 /* Sources */ = {
			isa = PBXSourcesBuildPhase;
			buildActionMask = 2147483647;
			files = (
				C21B7A972843FDCD00EA6A11 /* ViewController.swift in Sources */,
				C21B7A932843FDCD00EA6A11 /* AppDelegate.swift in Sources */,
				C21B7A952843FDCD00EA6A11 /* SceneDelegate.swift in Sources */,
			);
			runOnlyForDeploymentPostprocessing = 0;
		};
		C21B7AA12843FDCE00EA6A11 /* Sources */ = {
			isa = PBXSourcesBuildPhase;
			buildActionMask = 2147483647;
			files = (
				C21B7AAA2843FDCE00EA6A11 /* ColorMixAppTests.swift in Sources */,
			);
			runOnlyForDeploymentPostprocessing = 0;
		};
		C21B7AAB2843FDCE00EA6A11 /* Sources */ = {
			isa = PBXSourcesBuildPhase;
			buildActionMask = 2147483647;
			files = (
				C21B7AB42843FDCE00EA6A11 /* ColorMixAppUITests.swift in Sources */,
				C21B7AB62843FDCE00EA6A11 /* ColorMixAppUITestsLaunchTests.swift in Sources */,
			);
			runOnlyForDeploymentPostprocessing = 0;
		};
/* End PBXSourcesBuildPhase section */

/* Begin PBXTargetDependency section */
		C21B7AA72843FDCE00EA6A11 /* PBXTargetDependency */ = {
			isa = PBXTargetDependency;
			target = C21B7A8E2843FDCD00EA6A11 /* ColorMixApp */;
			targetProxy = C21B7AA62843FDCE00EA6A11 /* PBXContainerItemProxy */;
		};
		C21B7AB12843FDCE00EA6A11 /* PBXTargetDependency */ = {
			isa = PBXTargetDependency;
			target = C21B7A8E2843FDCD00EA6A11 /* ColorMixApp */;
			targetProxy = C21B7AB02843FDCE00EA6A11 /* PBXContainerItemProxy */;
		};
/* End PBXTargetDependency section */

/* Begin PBXVariantGroup section */
		C21B7A982843FDCD00EA6A11 /* Main.storyboard */ = {
			isa = PBXVariantGroup;
			children = (
				C21B7A992843FDCD00EA6A11 /* Base */,
			);
			name = Main.storyboard;
			sourceTree = "<group>";
		};
		C21B7A9D2843FDCE00EA6A11 /* LaunchScreen.storyboard */ = {
			isa = PBXVariantGroup;
			children = (
				C21B7A9E2843FDCE00EA6A11 /* Base */,
			);
			name = LaunchScreen.storyboard;
			sourceTree = "<group>";
		};
/* End PBXVariantGroup section */

/* Begin XCBuildConfiguration section */
		C21B7AB72843FDCE00EA6A11 /* Debug */ = {
			isa = XCBuildConfiguration;
			buildSettings = {
				ALWAYS_SEARCH_USER_PATHS = NO;
				CLANG_ANALYZER_NONNULL = YES;
				CLANG_ANALYZER_NUMBER_OBJECT_CONVERSION = YES_AGGRESSIVE;
				CLANG_CXX_LANGUAGE_STANDARD = "gnu++17";
				CLANG_ENABLE_MODULES = YES;
				CLANG_ENABLE_OBJC_ARC = YES;
				CLANG_ENABLE_OBJC_WEAK = YES;
				CLANG_WARN_BLOCK_CAPTURE_AUTORELEASING = YES;
				CLANG_WARN_BOOL_CONVERSION = YES;
				CLANG_WARN_COMMA = YES;
				CLANG_WARN_CONSTANT_CONVERSION = YES;
				CLANG_WARN_DEPRECATED_OBJC_IMPLEMENTATIONS = YES;
				CLANG_WARN_DIRECT_OBJC_ISA_USAGE = YES_ERROR;
				CLANG_WARN_DOCUMENTATION_COMMENTS = YES;
				CLANG_WARN_EMPTY_BODY = YES;
				CLANG_WARN_ENUM_CONVERSION = YES;
				CLANG_WARN_INFINITE_RECURSION = YES;
				CLANG_WARN_INT_CONVERSION = YES;
				CLANG_WARN_NON_LITERAL_NULL_CONVERSION = YES;
				CLANG_WARN_OBJC_IMPLICIT_RETAIN_SELF = YES;
				CLANG_WARN_OBJC_LITERAL_CONVERSION = YES;
				CLANG_WARN_OBJC_ROOT_CLASS = YES_ERROR;
				CLANG_WARN_QUOTED_INCLUDE_IN_FRAMEWORK_HEADER = YES;
				CLANG_WARN_RANGE_LOOP_ANALYSIS = YES;
				CLANG_WARN_STRICT_PROTOTYPES = YES;
				CLANG_WARN_SUSPICIOUS_MOVE = YES;
				CLANG_WARN_UNGUARDED_AVAILABILITY = YES_AGGRESSIVE;
				CLANG_WARN_UNREACHABLE_CODE = YES;
				CLANG_WARN__DUPLICATE_METHOD_MATCH = YES;
				COPY_PHASE_STRIP = NO;
				DEBUG_INFORMATION_FORMAT = dwarf;
				ENABLE_STRICT_OBJC_MSGSEND = YES;
				ENABLE_TESTABILITY = YES;
				GCC_C_LANGUAGE_STANDARD = gnu11;
				GCC_DYNAMIC_NO_PIC = NO;
				GCC_NO_COMMON_BLOCKS = YES;
				GCC_OPTIMIZATION_LEVEL = 0;
				GCC_PREPROCESSOR_DEFINITIONS = (
					"DEBUG=1",
					"$(inherited)",
				);
				GCC_WARN_64_TO_32_BIT_CONVERSION = YES;
				GCC_WARN_ABOUT_RETURN_TYPE = YES_ERROR;
				GCC_WARN_UNDECLARED_SELECTOR = YES;
				GCC_WARN_UNINITIALIZED_AUTOS = YES_AGGRESSIVE;
				GCC_WARN_UNUSED_FUNCTION = YES;
				GCC_WARN_UNUSED_VARIABLE = YES;
				IPHONEOS_DEPLOYMENT_TARGET = 15.5;
				MTL_ENABLE_DEBUG_INFO = INCLUDE_SOURCE;
				MTL_FAST_MATH = YES;
				ONLY_ACTIVE_ARCH = YES;
				SDKROOT = iphoneos;
				SWIFT_ACTIVE_COMPILATION_CONDITIONS = DEBUG;
				SWIFT_OPTIMIZATION_LEVEL = "-Onone";
			};
			name = Debug;
		};
		C21B7AB82843FDCE00EA6A11 /* Release */ = {
			isa = XCBuildConfiguration;
			buildSettings = {
				ALWAYS_SEARCH_USER_PATHS = NO;
				CLANG_ANALYZER_NONNULL = YES;
				CLANG_ANALYZER_NUMBER_OBJECT_CONVERSION = YES_AGGRESSIVE;
				CLANG_CXX_LANGUAGE_STANDARD = "gnu++17";
				CLANG_ENABLE_MODULES = YES;
				CLANG_ENABLE_OBJC_ARC = YES;
				CLANG_ENABLE_OBJC_WEAK = YES;
				CLANG_WARN_BLOCK_CAPTURE_AUTORELEASING = YES;
				CLANG_WARN_BOOL_CONVERSION = YES;
				CLANG_WARN_COMMA = YES;
				CLANG_WARN_CONSTANT_CONVERSION = YES;
				CLANG_WARN_DEPRECATED_OBJC_IMPLEMENTATIONS = YES;
				CLANG_WARN_DIRECT_OBJC_ISA_USAGE = YES_ERROR;
				CLANG_WARN_DOCUMENTATION_COMMENTS = YES;
				CLANG_WARN_EMPTY_BODY = YES;
				CLANG_WARN_ENUM_CONVERSION = YES;
				CLANG_WARN_INFINITE_RECURSION = YES;
				CLANG_WARN_INT_CONVERSION = YES;
				CLANG_WARN_NON_LITERAL_NULL_CONVERSION = YES;
				CLANG_WARN_OBJC_IMPLICIT_RETAIN_SELF = YES;
				CLANG_WARN_OBJC_LITERAL_CONVERSION = YES;
				CLANG_WARN_OBJC_ROOT_CLASS = YES_ERROR;
				CLANG_WARN_QUOTED_INCLUDE_IN_FRAMEWORK_HEADER = YES;
				CLANG_WARN_RANGE_LOOP_ANALYSIS = YES;
				CLANG_WARN_STRICT_PROTOTYPES = YES;
				CLANG_WARN_SUSPICIOUS_MOVE = YES;
				CLANG_WARN_UNGUARDED_AVAILABILITY = YES_AGGRESSIVE;
				CLANG_WARN_UNREACHABLE_CODE = YES;
				CLANG_WARN__DUPLICATE_METHOD_MATCH = YES;
				COPY_PHASE_STRIP = NO;
				DEBUG_INFORMATION_FORMAT = "dwarf-with-dsym";
				ENABLE_NS_ASSERTIONS = NO;
				ENABLE_STRICT_OBJC_MSGSEND = YES;
				GCC_C_LANGUAGE_STANDARD = gnu11;
				GCC_NO_COMMON_BLOCKS = YES;
				GCC_WARN_64_TO_32_BIT_CONVERSION = YES;
				GCC_WARN_ABOUT_RETURN_TYPE = YES_ERROR;
				GCC_WARN_UNDECLARED_SELECTOR = YES;
				GCC_WARN_UNINITIALIZED_AUTOS = YES_AGGRESSIVE;
				GCC_WARN_UNUSED_FUNCTION = YES;
				GCC_WARN_UNUSED_VARIABLE = YES;
				IPHONEOS_DEPLOYMENT_TARGET = 15.5;
				MTL_ENABLE_DEBUG_INFO = NO;
				MTL_FAST_MATH = YES;
				SDKROOT = iphoneos;
				SWIFT_COMPILATION_MODE = wholemodule;
				SWIFT_OPTIMIZATION_LEVEL = "-O";
				VALIDATE_PRODUCT = YES;
			};
			name = Release;
		};
		C21B7ABA2843FDCE00EA6A11 /* Debug */ = {
			isa = XCBuildConfiguration;
			buildSettings = {
				ASSETCATALOG_COMPILER_APPICON_NAME = AppIcon;
				ASSETCATALOG_COMPILER_GLOBAL_ACCENT_COLOR_NAME = AccentColor;
				CODE_SIGN_STYLE = Automatic;
				CURRENT_PROJECT_VERSION = 1;
				GENERATE_INFOPLIST_FILE = YES;
				INFOPLIST_FILE = ColorMixApp/Info.plist;
				INFOPLIST_KEY_UIApplicationSupportsIndirectInputEvents = YES;
				INFOPLIST_KEY_UILaunchStoryboardName = LaunchScreen;
				INFOPLIST_KEY_UIMainStoryboardFile = Main;
				INFOPLIST_KEY_UISupportedInterfaceOrientations_iPad = "UIInterfaceOrientationPortrait UIInterfaceOrientationPortraitUpsideDown UIInterfaceOrientationLandscapeLeft UIInterfaceOrientationLandscapeRight";
				INFOPLIST_KEY_UISupportedInterfaceOrientations_iPhone = "UIInterfaceOrientationPortrait UIInterfaceOrientationLandscapeLeft UIInterfaceOrientationLandscapeRight";
				LD_RUNPATH_SEARCH_PATHS = (
					"$(inherited)",
					"@executable_path/Frameworks",
				);
				MARKETING_VERSION = 1.0;
				PRODUCT_BUNDLE_IDENTIFIER = dosanstosbronwyn.com.ColorMixApp;
				PRODUCT_NAME = "$(TARGET_NAME)";
				SWIFT_EMIT_LOC_STRINGS = YES;
				SWIFT_VERSION = 5.0;
				TARGETED_DEVICE_FAMILY = "1,2";
			};
			name = Debug;
		};
		C21B7ABB2843FDCE00EA6A11 /* Release */ = {
			isa = XCBuildConfiguration;
			buildSettings = {
				ASSETCATALOG_COMPILER_APPICON_NAME = AppIcon;
				ASSETCATALOG_COMPILER_GLOBAL_ACCENT_COLOR_NAME = AccentColor;
				CODE_SIGN_STYLE = Automatic;
				CURRENT_PROJECT_VERSION = 1;
				GENERATE_INFOPLIST_FILE = YES;
				INFOPLIST_FILE = ColorMixApp/Info.plist;
				INFOPLIST_KEY_UIApplicationSupportsIndirectInputEvents = YES;
				INFOPLIST_KEY_UILaunchStoryboardName = LaunchScreen;
				INFOPLIST_KEY_UIMainStoryboardFile = Main;
				INFOPLIST_KEY_UISupportedInterfaceOrientations_iPad = "UIInterfaceOrientationPortrait UIInterfaceOrientationPortraitUpsideDown UIInterfaceOrientationLandscapeLeft UIInterfaceOrientationLandscapeRight";
				INFOPLIST_KEY_UISupportedInterfaceOrientations_iPhone = "UIInterfaceOrientationPortrait UIInterfaceOrientationLandscapeLeft UIInterfaceOrientationLandscapeRight";
				LD_RUNPATH_SEARCH_PATHS = (
					"$(inherited)",
					"@executable_path/Frameworks",
				);
				MARKETING_VERSION = 1.0;
				PRODUCT_BUNDLE_IDENTIFIER = dosanstosbronwyn.com.ColorMixApp;
				PRODUCT_NAME = "$(TARGET_NAME)";
				SWIFT_EMIT_LOC_STRINGS = YES;
				SWIFT_VERSION = 5.0;
				TARGETED_DEVICE_FAMILY = "1,2";
			};
			name = Release;
		};
		C21B7ABD2843FDCE00EA6A11 /* Debug */ = {
			isa = XCBuildConfiguration;
			buildSettings = {
				ALWAYS_EMBED_SWIFT_STANDARD_LIBRARIES = YES;
				BUNDLE_LOADER = "$(TEST_HOST)";
				CODE_SIGN_STYLE = Automatic;
				CURRENT_PROJECT_VERSION = 1;
				GENERATE_INFOPLIST_FILE = YES;
				IPHONEOS_DEPLOYMENT_TARGET = 15.5;
				MARKETING_VERSION = 1.0;
				PRODUCT_BUNDLE_IDENTIFIER = dosanstosbronwyn.com.ColorMixAppTests;
				PRODUCT_NAME = "$(TARGET_NAME)";
				SWIFT_EMIT_LOC_STRINGS = NO;
				SWIFT_VERSION = 5.0;
				TARGETED_DEVICE_FAMILY = "1,2";
				TEST_HOST = "$(BUILT_PRODUCTS_DIR)/ColorMixApp.app/ColorMixApp";
			};
			name = Debug;
		};
		C21B7ABE2843FDCE00EA6A11 /* Release */ = {
			isa = XCBuildConfiguration;
			buildSettings = {
				ALWAYS_EMBED_SWIFT_STANDARD_LIBRARIES = YES;
				BUNDLE_LOADER = "$(TEST_HOST)";
				CODE_SIGN_STYLE = Automatic;
				CURRENT_PROJECT_VERSION = 1;
				GENERATE_INFOPLIST_FILE = YES;
				IPHONEOS_DEPLOYMENT_TARGET = 15.5;
				MARKETING_VERSION = 1.0;
				PRODUCT_BUNDLE_IDENTIFIER = dosanstosbronwyn.com.ColorMixAppTests;
				PRODUCT_NAME = "$(TARGET_NAME)";
				SWIFT_EMIT_LOC_STRINGS = NO;
				SWIFT_VERSION = 5.0;
				TARGETED_DEVICE_FAMILY = "1,2";
				TEST_HOST = "$(BUILT_PRODUCTS_DIR)/ColorMixApp.app/ColorMixApp";
			};
			name = Release;
		};
		C21B7AC02843FDCE00EA6A11 /* Debug */ = {
			isa = XCBuildConfiguration;
			buildSettings = {
				ALWAYS_EMBED_SWIFT_STANDARD_LIBRARIES = YES;
				CODE_SIGN_STYLE = Automatic;
				CURRENT_PROJECT_VERSION = 1;
				GENERATE_INFOPLIST_FILE = YES;
				MARKETING_VERSION = 1.0;
				PRODUCT_BUNDLE_IDENTIFIER = dosanstosbronwyn.com.ColorMixAppUITests;
				PRODUCT_NAME = "$(TARGET_NAME)";
				SWIFT_EMIT_LOC_STRINGS = NO;
				SWIFT_VERSION = 5.0;
				TARGETED_DEVICE_FAMILY = "1,2";
				TEST_TARGET_NAME = ColorMixApp;
			};
			name = Debug;
		};
		C21B7AC12843FDCE00EA6A11 /* Release */ = {
			isa = XCBuildConfiguration;
			buildSettings = {
				ALWAYS_EMBED_SWIFT_STANDARD_LIBRARIES = YES;
				CODE_SIGN_STYLE = Automatic;
				CURRENT_PROJECT_VERSION = 1;
				GENERATE_INFOPLIST_FILE = YES;
				MARKETING_VERSION = 1.0;
				PRODUCT_BUNDLE_IDENTIFIER = dosanstosbronwyn.com.ColorMixAppUITests;
				PRODUCT_NAME = "$(TARGET_NAME)";
				SWIFT_EMIT_LOC_STRINGS = NO;
				SWIFT_VERSION = 5.0;
				TARGETED_DEVICE_FAMILY = "1,2";
				TEST_TARGET_NAME = ColorMixApp;
			};
			name = Release;
		};
/* End XCBuildConfiguration section */

/* Begin XCConfigurationList section */
		C21B7A8A2843FDCD00EA6A11 /* Build configuration list for PBXProject "ColorMixApp" */ = {
			isa = XCConfigurationList;
			buildConfigurations = (
				C21B7AB72843FDCE00EA6A11 /* Debug */,
				C21B7AB82843FDCE00EA6A11 /* Release */,
			);
			defaultConfigurationIsVisible = 0;
			defaultConfigurationName = Release;
		};
		C21B7AB92843FDCE00EA6A11 /* Build configuration list for PBXNativeTarget "ColorMixApp" */ = {
			isa = XCConfigurationList;
			buildConfigurations = (
				C21B7ABA2843FDCE00EA6A11 /* Debug */,
				C21B7ABB2843FDCE00EA6A11 /* Release */,
			);
			defaultConfigurationIsVisible = 0;
			defaultConfigurationName = Release;
		};
		C21B7ABC2843FDCE00EA6A11 /* Build configuration list for PBXNativeTarget "ColorMixAppTests" */ = {
			isa = XCConfigurationList;
			buildConfigurations = (
				C21B7ABD2843FDCE00EA6A11 /* Debug */,
				C21B7ABE2843FDCE00EA6A11 /* Release */,
			);
			defaultConfigurationIsVisible = 0;
			defaultConfigurationName = Release;
		};
		C21B7ABF2843FDCE00EA6A11 /* Build configuration list for PBXNativeTarget "ColorMixAppUITests" */ = {
			isa = XCConfigurationList;
			buildConfigurations = (
				C21B7AC02843FDCE00EA6A11 /* Debug */,
				C21B7AC12843FDCE00EA6A11 /* Release */,
			);
			defaultConfigurationIsVisible = 0;
			defaultConfigurationName = Release;
		};
/* End XCConfigurationList section */
	};
	rootObject = C21B7A872843FDCD00EA6A11 /* Project object */;
}
